
Microsoft Visual Studio Solution File, Format Version 12.00
# Visual Studio Version 17
VisualStudioVersion = 17.1.32228.430
MinimumVisualStudioVersion = 10.0.40219.1
Project("{FAE04EC0-301F-11D3-BF4B-00C04F79EFBC}") = "Common", "Common\Common.csproj", "{100A9292-7845-46D3-B0D9-C64FB405FF7F}"
EndProject
Project("{FAE04EC0-301F-11D3-BF4B-00C04F79EFBC}") = "SwissArmyKnife", "SwissArmyKnife\SwissArmyKnife.csproj", "{113D0D87-0DCD-463F-B65C-D7DCFC54327E}"
EndProject
Project("{FAE04EC0-301F-11D3-BF4B-00C04F79EFBC}") = "Watcher", "Watcher\Watcher.csproj", "{719A37A8-2297-40BA-B1A7-DD9879432FD7}"
EndProject
Project("{FAE04EC0-301F-11D3-BF4B-00C04F79EFBC}") = "Runner", "Runner\Runner.csproj", "{9663A7DF-D412-4D7F-8210-7E23591196CF}"
EndProject
Project("{FAE04EC0-301F-11D3-BF4B-00C04F79EFBC}") = "Reader", "Reader\Reader.csproj", "{EC06882D-1C28-4D7B-A14B-BD91616CDCDB}"
EndProject
Project("{FAE04EC0-301F-11D3-BF4B-00C04F79EFBC}") = "TestingMamat", "TestingMamat\TestingMamat.csproj", "{35C80CCE-A435-4612-9699-5DA0AF345083}"
EndProject
Global
	GlobalSection(SolutionConfigurationPlatforms) = preSolution
		Debug|Any CPU = Debug|Any CPU
		Release|Any CPU = Release|Any CPU
	EndGlobalSection
	GlobalSection(ProjectConfigurationPlatforms) = postSolution
		{100A9292-7845-46D3-B0D9-C64FB405FF7F}.Debug|Any CPU.ActiveCfg = Debug|Any CPU
		{100A9292-7845-46D3-B0D9-C64FB405FF7F}.Debug|Any CPU.Build.0 = Debug|Any CPU
		{100A9292-7845-46D3-B0D9-C64FB405FF7F}.Release|Any CPU.ActiveCfg = Release|Any CPU
		{100A9292-7845-46D3-B0D9-C64FB405FF7F}.Release|Any CPU.Build.0 = Release|Any CPU
		{113D0D87-0DCD-463F-B65C-D7DCFC54327E}.Debug|Any CPU.ActiveCfg = Debug|Any CPU
		{113D0D87-0DCD-463F-B65C-D7DCFC54327E}.Debug|Any CPU.Build.0 = Debug|Any CPU
		{113D0D87-0DCD-463F-B65C-D7DCFC54327E}.Release|Any CPU.ActiveCfg = Release|Any CPU
		{113D0D87-0DCD-463F-B65C-D7DCFC54327E}.Release|Any CPU.Build.0 = Release|Any CPU
		{719A37A8-2297-40BA-B1A7-DD9879432FD7}.Debug|Any CPU.ActiveCfg = Debug|Any CPU
		{719A37A8-2297-40BA-B1A7-DD9879432FD7}.Debug|Any CPU.Build.0 = Debug|Any CPU
		{719A37A8-2297-40BA-B1A7-DD9879432FD7}.Release|Any CPU.ActiveCfg = Release|Any CPU
		{719A37A8-2297-40BA-B1A7-DD9879432FD7}.Release|Any CPU.Build.0 = Release|Any CPU
		{9663A7DF-D412-4D7F-8210-7E23591196CF}.Debug|Any CPU.ActiveCfg = Debug|Any CPU
		{9663A7DF-D412-4D7F-8210-7E23591196CF}.Debug|Any CPU.Build.0 = Debug|Any CPU
		{9663A7DF-D412-4D7F-8210-7E23591196CF}.Release|Any CPU.ActiveCfg = Release|Any CPU
		{9663A7DF-D412-4D7F-8210-7E23591196CF}.Release|Any CPU.Build.0 = Release|Any CPU
		{EC06882D-1C28-4D7B-A14B-BD91616CDCDB}.Debug|Any CPU.ActiveCfg = Debug|Any CPU
		{EC06882D-1C28-4D7B-A14B-BD91616CDCDB}.Debug|Any CPU.Build.0 = Debug|Any CPU
		{EC06882D-1C28-4D7B-A14B-BD91616CDCDB}.Release|Any CPU.ActiveCfg = Release|Any CPU
		{EC06882D-1C28-4D7B-A14B-BD91616CDCDB}.Release|Any CPU.Build.0 = Release|Any CPU
		{35C80CCE-A435-4612-9699-5DA0AF345083}.Debug|Any CPU.ActiveCfg = Debug|Any CPU
		{35C80CCE-A435-4612-9699-5DA0AF345083}.Debug|Any CPU.Build.0 = Debug|Any CPU
		{35C80CCE-A435-4612-9699-5DA0AF345083}.Release|Any CPU.ActiveCfg = Release|Any CPU
		{35C80CCE-A435-4612-9699-5DA0AF345083}.Release|Any CPU.Build.0 = Release|Any CPU
	EndGlobalSection
	GlobalSection(SolutionProperties) = preSolution
		HideSolutionNode = FALSE
	EndGlobalSection
	GlobalSection(ExtensibilityGlobals) = postSolution
		SolutionGuid = {97BA31C8-3B17-4DBC-9731-548B021FBA5D}
	EndGlobalSection
EndGlobal
