
Microsoft Visual Studio Solution File, Format Version 12.00
# Visual Studio Version 16
VisualStudioVersion = 16.0.31424.327
MinimumVisualStudioVersion = 10.0.40219.1
Project("{FAE04EC0-301F-11D3-BF4B-00C04F79EFBC}") = "Common", "Common\Common.csproj", "{100A9292-7845-46D3-B0D9-C64FB405FF7F}"
EndProject
Project("{FAE04EC0-301F-11D3-BF4B-00C04F79EFBC}") = "SwissArmyKnife", "SwissArmyKnife\SwissArmyKnife.csproj", "{113D0D87-0DCD-463F-B65C-D7DCFC54327E}"
EndProject
Global
	GlobalSection(SolutionConfigurationPlatforms) = preSolution
		Debug|Any CPU = Debug|Any CPU
		Release|Any CPU = Release|Any CPU
	EndGlobalSection
	GlobalSection(ProjectConfigurationPlatforms) = postSolution
		{100A9292-7845-46D3-B0D9-C64FB405FF7F}.Debug|Any CPU.ActiveCfg = Debug|Any CPU
		{100A9292-7845-46D3-B0D9-C64FB405FF7F}.Debug|Any CPU.Build.0 = Debug|Any CPU
		{100A9292-7845-46D3-B0D9-C64FB405FF7F}.Release|Any CPU.ActiveCfg = Release|Any CPU
		{100A9292-7845-46D3-B0D9-C64FB405FF7F}.Release|Any CPU.Build.0 = Release|Any CPU
		{113D0D87-0DCD-463F-B65C-D7DCFC54327E}.Debug|Any CPU.ActiveCfg = Debug|Any CPU
		{113D0D87-0DCD-463F-B65C-D7DCFC54327E}.Debug|Any CPU.Build.0 = Debug|Any CPU
		{113D0D87-0DCD-463F-B65C-D7DCFC54327E}.Release|Any CPU.ActiveCfg = Release|Any CPU
		{113D0D87-0DCD-463F-B65C-D7DCFC54327E}.Release|Any CPU.Build.0 = Release|Any CPU
	EndGlobalSection
	GlobalSection(SolutionProperties) = preSolution
		HideSolutionNode = FALSE
	EndGlobalSection
	GlobalSection(ExtensibilityGlobals) = postSolution
		SolutionGuid = {97BA31C8-3B17-4DBC-9731-548B021FBA5D}
	EndGlobalSection
EndGlobal
